
Microsoft Visual Studio Solution File, Format Version 12.00
# Visual Studio Version 16
VisualStudioVersion = 16.0.30523.141
MinimumVisualStudioVersion = 10.0.40219.1
Project("{FAE04EC0-301F-11D3-BF4B-00C04F79EFBC}") = "ExcelReadTest", "ExcelReadTest\ExcelReadTest.csproj", "{88E608D5-0419-47C7-B461-AD15ABC5A828}"
EndProject
Global
	GlobalSection(SolutionConfigurationPlatforms) = preSolution
		Debug|Any CPU = Debug|Any CPU
		Release|Any CPU = Release|Any CPU
	EndGlobalSection
	GlobalSection(ProjectConfigurationPlatforms) = postSolution
		{88E608D5-0419-47C7-B461-AD15ABC5A828}.Debug|Any CPU.ActiveCfg = Debug|Any CPU
		{88E608D5-0419-47C7-B461-AD15ABC5A828}.Debug|Any CPU.Build.0 = Debug|Any CPU
		{88E608D5-0419-47C7-B461-AD15ABC5A828}.Release|Any CPU.ActiveCfg = Release|Any CPU
		{88E608D5-0419-47C7-B461-AD15ABC5A828}.Release|Any CPU.Build.0 = Release|Any CPU
	EndGlobalSection
	GlobalSection(SolutionProperties) = preSolution
		HideSolutionNode = FALSE
	EndGlobalSection
	GlobalSection(ExtensibilityGlobals) = postSolution
		SolutionGuid = {6B267995-2367-49B6-99F2-847CFF6F4B86}
	EndGlobalSection
EndGlobal
